# This file is automatically @generated by Poetry 1.7.1 and should not be changed by hand.

[[package]]
name = "mcitemlib"
version = "0.1.0"
description = "A library for creating and editing Minecraft items using python."
optional = false
python-versions = "*"
files = [
    {file = "mcitemlib-0.1.0-py3-none-any.whl", hash = "sha256:856d4cb989eb7958ac0292efe960750e199475722105bb41c346744a8673c040"},
    {file = "mcitemlib-0.1.0.tar.gz", hash = "sha256:0a8f8729fbcc47b4eb3d1431dcaaf5ce1df6f0a1d36d57f78df4d5c36e2af2da"},
]

[metadata]
lock-version = "2.0"
python-versions = "^3.12"
content-hash = "efbdeb0b3b0646df36cddba0d0782de9778e66e04045d131c6dee833e88a4048"
